
Microsoft Visual Studio Solution File, Format Version 12.00
# Visual Studio 14
VisualStudioVersion = 14.0.25420.1
MinimumVisualStudioVersion = 10.0.40219.1
Project("{FAE04EC0-301F-11D3-BF4B-00C04F79EFBC}") = "WcfJobsLibrary", "WcfJobsLibrary\WcfJobsLibrary.csproj", "{B4B1C719-3612-4CF2-976A-CB617DDF9A28}"
EndProject
Project("{FAE04EC0-301F-11D3-BF4B-00C04F79EFBC}") = "JobsService", "JobsService\JobsService.csproj", "{19AE35BC-9859-42E4-8CDA-C847659FD81E}"
EndProject
Project("{FAE04EC0-301F-11D3-BF4B-00C04F79EFBC}") = "TestWindowsService", "TestWindowsService\TestWindowsService.csproj", "{EFC3870F-B276-4305-A6D6-4E5FC16D3094}"
	ProjectSection(ProjectDependencies) = postProject
		{B4B1C719-3612-4CF2-976A-CB617DDF9A28} = {B4B1C719-3612-4CF2-976A-CB617DDF9A28}
	EndProjectSection
EndProject
Global
	GlobalSection(SolutionConfigurationPlatforms) = preSolution
		Debug|Any CPU = Debug|Any CPU
		Release|Any CPU = Release|Any CPU
	EndGlobalSection
	GlobalSection(ProjectConfigurationPlatforms) = postSolution
		{B4B1C719-3612-4CF2-976A-CB617DDF9A28}.Debug|Any CPU.ActiveCfg = Debug|Any CPU
		{B4B1C719-3612-4CF2-976A-CB617DDF9A28}.Debug|Any CPU.Build.0 = Debug|Any CPU
		{B4B1C719-3612-4CF2-976A-CB617DDF9A28}.Release|Any CPU.ActiveCfg = Release|Any CPU
		{B4B1C719-3612-4CF2-976A-CB617DDF9A28}.Release|Any CPU.Build.0 = Release|Any CPU
		{19AE35BC-9859-42E4-8CDA-C847659FD81E}.Debug|Any CPU.ActiveCfg = Debug|Any CPU
		{19AE35BC-9859-42E4-8CDA-C847659FD81E}.Debug|Any CPU.Build.0 = Debug|Any CPU
		{19AE35BC-9859-42E4-8CDA-C847659FD81E}.Release|Any CPU.ActiveCfg = Release|Any CPU
		{19AE35BC-9859-42E4-8CDA-C847659FD81E}.Release|Any CPU.Build.0 = Release|Any CPU
		{EFC3870F-B276-4305-A6D6-4E5FC16D3094}.Debug|Any CPU.ActiveCfg = Debug|Any CPU
		{EFC3870F-B276-4305-A6D6-4E5FC16D3094}.Debug|Any CPU.Build.0 = Debug|Any CPU
		{EFC3870F-B276-4305-A6D6-4E5FC16D3094}.Release|Any CPU.ActiveCfg = Release|Any CPU
		{EFC3870F-B276-4305-A6D6-4E5FC16D3094}.Release|Any CPU.Build.0 = Release|Any CPU
	EndGlobalSection
	GlobalSection(SolutionProperties) = preSolution
		HideSolutionNode = FALSE
	EndGlobalSection
EndGlobal
